// !$*UTF8*$!
{
	archiveVersion = 1;
	classes = {
	};
	objectVersion = 56;
	objects = {

/* Begin PBXBuildFile section */
		FA8775592CE49C6F00C2ED0E /* GithubproApp.swift in Sources */ = {isa = PBXBuildFile; fileRef = FA8775582CE49C6F00C2ED0E /* GithubproApp.swift */; };
		FA87755B2CE49C6F00C2ED0E /* ContentView.swift in Sources */ = {isa = PBXBuildFile; fileRef = FA87755A2CE49C6F00C2ED0E /* ContentView.swift */; };
		FA87755D2CE49C7000C2ED0E /* Assets.xcassets in Resources */ = {isa = PBXBuildFile; fileRef = FA87755C2CE49C7000C2ED0E /* Assets.xcassets */; };
		FA8775602CE49C7000C2ED0E /* Preview Assets.xcassets in Resources */ = {isa = PBXBuildFile; fileRef = FA87755F2CE49C7000C2ED0E /* Preview Assets.xcassets */; };
		FA87756A2CE49C7000C2ED0E /* GithubproTests.swift in Sources */ = {isa = PBXBuildFile; fileRef = FA8775692CE49C7000C2ED0E /* GithubproTests.swift */; };
		FA8775742CE49C7000C2ED0E /* GithubproUITests.swift in Sources */ = {isa = PBXBuildFile; fileRef = FA8775732CE49C7000C2ED0E /* GithubproUITests.swift */; };
		FA8775762CE49C7000C2ED0E /* GithubproUITestsLaunchTests.swift in Sources */ = {isa = PBXBuildFile; fileRef = FA8775752CE49C7000C2ED0E /* GithubproUITestsLaunchTests.swift */; };
/* End PBXBuildFile section */

/* Begin PBXContainerItemProxy section */
		FA8775662CE49C7000C2ED0E /* PBXContainerItemProxy */ = {
			isa = PBXContainerItemProxy;
			containerPortal = FA87754D2CE49C6F00C2ED0E /* Project object */;
			proxyType = 1;
			remoteGlobalIDString = FA8775542CE49C6F00C2ED0E;
			remoteInfo = Githubpro;
		};
		FA8775702CE49C7000C2ED0E /* PBXContainerItemProxy */ = {
			isa = PBXContainerItemProxy;
			containerPortal = FA87754D2CE49C6F00C2ED0E /* Project object */;
			proxyType = 1;
			remoteGlobalIDString = FA8775542CE49C6F00C2ED0E;
			remoteInfo = Githubpro;
		};
/* End PBXContainerItemProxy section */

/* Begin PBXFileReference section */
		FA8775552CE49C6F00C2ED0E /* Githubpro.app */ = {isa = PBXFileReference; explicitFileType = wrapper.application; includeInIndex = 0; path = Githubpro.app; sourceTree = BUILT_PRODUCTS_DIR; };
		FA8775582CE49C6F00C2ED0E /* GithubproApp.swift */ = {isa = PBXFileReference; lastKnownFileType = sourcecode.swift; path = GithubproApp.swift; sourceTree = "<group>"; };
		FA87755A2CE49C6F00C2ED0E /* ContentView.swift */ = {isa = PBXFileReference; lastKnownFileType = sourcecode.swift; path = ContentView.swift; sourceTree = "<group>"; };
		FA87755C2CE49C7000C2ED0E /* Assets.xcassets */ = {isa = PBXFileReference; lastKnownFileType = folder.assetcatalog; path = Assets.xcassets; sourceTree = "<group>"; };
		FA87755F2CE49C7000C2ED0E /* Preview Assets.xcassets */ = {isa = PBXFileReference; lastKnownFileType = folder.assetcatalog; path = "Preview Assets.xcassets"; sourceTree = "<group>"; };
		FA8775652CE49C7000C2ED0E /* GithubproTests.xctest */ = {isa = PBXFileReference; explicitFileType = wrapper.cfbundle; includeInIndex = 0; path = GithubproTests.xctest; sourceTree = BUILT_PRODUCTS_DIR; };
		FA8775692CE49C7000C2ED0E /* GithubproTests.swift */ = {isa = PBXFileReference; lastKnownFileType = sourcecode.swift; path = GithubproTests.swift; sourceTree = "<group>"; };
		FA87756F2CE49C7000C2ED0E /* GithubproUITests.xctest */ = {isa = PBXFileReference; explicitFileType = wrapper.cfbundle; includeInIndex = 0; path = GithubproUITests.xctest; sourceTree = BUILT_PRODUCTS_DIR; };
		FA8775732CE49C7000C2ED0E /* GithubproUITests.swift */ = {isa = PBXFileReference; lastKnownFileType = sourcecode.swift; path = GithubproUITests.swift; sourceTree = "<group>"; };
		FA8775752CE49C7000C2ED0E /* GithubproUITestsLaunchTests.swift */ = {isa = PBXFileReference; lastKnownFileType = sourcecode.swift; path = GithubproUITestsLaunchTests.swift; sourceTree = "<group>"; };
/* End PBXFileReference section */

/* Begin PBXFrameworksBuildPhase section */
		FA8775522CE49C6F00C2ED0E /* Frameworks */ = {
			isa = PBXFrameworksBuildPhase;
			buildActionMask = 2147483647;
			files = (
			);
			runOnlyForDeploymentPostprocessing = 0;
		};
		FA8775622CE49C7000C2ED0E /* Frameworks */ = {
			isa = PBXFrameworksBuildPhase;
			buildActionMask = 2147483647;
			files = (
			);
			runOnlyForDeploymentPostprocessing = 0;
		};
		FA87756C2CE49C7000C2ED0E /* Frameworks */ = {
			isa = PBXFrameworksBuildPhase;
			buildActionMask = 2147483647;
			files = (
			);
			runOnlyForDeploymentPostprocessing = 0;
		};
/* End PBXFrameworksBuildPhase section */

/* Begin PBXGroup section */
		FA87754C2CE49C6F00C2ED0E = {
			isa = PBXGroup;
			children = (
				FA8775572CE49C6F00C2ED0E /* Githubpro */,
				FA8775682CE49C7000C2ED0E /* GithubproTests */,
				FA8775722CE49C7000C2ED0E /* GithubproUITests */,
				FA8775562CE49C6F00C2ED0E /* Products */,
			);
			sourceTree = "<group>";
		};
		FA8775562CE49C6F00C2ED0E /* Products */ = {
			isa = PBXGroup;
			children = (
				FA8775552CE49C6F00C2ED0E /* Githubpro.app */,
				FA8775652CE49C7000C2ED0E /* GithubproTests.xctest */,
				FA87756F2CE49C7000C2ED0E /* GithubproUITests.xctest */,
			);
			name = Products;
			sourceTree = "<group>";
		};
		FA8775572CE49C6F00C2ED0E /* Githubpro */ = {
			isa = PBXGroup;
			children = (
				FA8775582CE49C6F00C2ED0E /* GithubproApp.swift */,
				FA87755A2CE49C6F00C2ED0E /* ContentView.swift */,
				FA87755C2CE49C7000C2ED0E /* Assets.xcassets */,
				FA87755E2CE49C7000C2ED0E /* Preview Content */,
			);
			path = Githubpro;
			sourceTree = "<group>";
		};
		FA87755E2CE49C7000C2ED0E /* Preview Content */ = {
			isa = PBXGroup;
			children = (
				FA87755F2CE49C7000C2ED0E /* Preview Assets.xcassets */,
			);
			path = "Preview Content";
			sourceTree = "<group>";
		};
		FA8775682CE49C7000C2ED0E /* GithubproTests */ = {
			isa = PBXGroup;
			children = (
				FA8775692CE49C7000C2ED0E /* GithubproTests.swift */,
			);
			path = GithubproTests;
			sourceTree = "<group>";
		};
		FA8775722CE49C7000C2ED0E /* GithubproUITests */ = {
			isa = PBXGroup;
			children = (
				FA8775732CE49C7000C2ED0E /* GithubproUITests.swift */,
				FA8775752CE49C7000C2ED0E /* GithubproUITestsLaunchTests.swift */,
			);
			path = GithubproUITests;
			sourceTree = "<group>";
		};
/* End PBXGroup section */

/* Begin PBXNativeTarget section */
		FA8775542CE49C6F00C2ED0E /* Githubpro */ = {
			isa = PBXNativeTarget;
			buildConfigurationList = FA8775792CE49C7000C2ED0E /* Build configuration list for PBXNativeTarget "Githubpro" */;
			buildPhases = (
				FA8775512CE49C6F00C2ED0E /* Sources */,
				FA8775522CE49C6F00C2ED0E /* Frameworks */,
				FA8775532CE49C6F00C2ED0E /* Resources */,
			);
			buildRules = (
			);
			dependencies = (
			);
			name = Githubpro;
			productName = Githubpro;
			productReference = FA8775552CE49C6F00C2ED0E /* Githubpro.app */;
			productType = "com.apple.product-type.application";
		};
		FA8775642CE49C7000C2ED0E /* GithubproTests */ = {
			isa = PBXNativeTarget;
			buildConfigurationList = FA87757C2CE49C7000C2ED0E /* Build configuration list for PBXNativeTarget "GithubproTests" */;
			buildPhases = (
				FA8775612CE49C7000C2ED0E /* Sources */,
				FA8775622CE49C7000C2ED0E /* Frameworks */,
				FA8775632CE49C7000C2ED0E /* Resources */,
			);
			buildRules = (
			);
			dependencies = (
				FA8775672CE49C7000C2ED0E /* PBXTargetDependency */,
			);
			name = GithubproTests;
			productName = GithubproTests;
			productReference = FA8775652CE49C7000C2ED0E /* GithubproTests.xctest */;
			productType = "com.apple.product-type.bundle.unit-test";
		};
		FA87756E2CE49C7000C2ED0E /* GithubproUITests */ = {
			isa = PBXNativeTarget;
			buildConfigurationList = FA87757F2CE49C7000C2ED0E /* Build configuration list for PBXNativeTarget "GithubproUITests" */;
			buildPhases = (
				FA87756B2CE49C7000C2ED0E /* Sources */,
				FA87756C2CE49C7000C2ED0E /* Frameworks */,
				FA87756D2CE49C7000C2ED0E /* Resources */,
			);
			buildRules = (
			);
			dependencies = (
				FA8775712CE49C7000C2ED0E /* PBXTargetDependency */,
			);
			name = GithubproUITests;
			productName = GithubproUITests;
			productReference = FA87756F2CE49C7000C2ED0E /* GithubproUITests.xctest */;
			productType = "com.apple.product-type.bundle.ui-testing";
		};
/* End PBXNativeTarget section */

/* Begin PBXProject section */
		FA87754D2CE49C6F00C2ED0E /* Project object */ = {
			isa = PBXProject;
			attributes = {
				BuildIndependentTargetsInParallel = 1;
				LastSwiftUpdateCheck = 1540;
				LastUpgradeCheck = 1540;
				TargetAttributes = {
					FA8775542CE49C6F00C2ED0E = {
						CreatedOnToolsVersion = 15.4;
					};
					FA8775642CE49C7000C2ED0E = {
						CreatedOnToolsVersion = 15.4;
						TestTargetID = FA8775542CE49C6F00C2ED0E;
					};
					FA87756E2CE49C7000C2ED0E = {
						CreatedOnToolsVersion = 15.4;
						TestTargetID = FA8775542CE49C6F00C2ED0E;
					};
				};
			};
			buildConfigurationList = FA8775502CE49C6F00C2ED0E /* Build configuration list for PBXProject "Githubpro" */;
			compatibilityVersion = "Xcode 14.0";
			developmentRegion = en;
			hasScannedForEncodings = 0;
			knownRegions = (
				en,
				Base,
			);
			mainGroup = FA87754C2CE49C6F00C2ED0E;
			productRefGroup = FA8775562CE49C6F00C2ED0E /* Products */;
			projectDirPath = "";
			projectRoot = "";
			targets = (
				FA8775542CE49C6F00C2ED0E /* Githubpro */,
				FA8775642CE49C7000C2ED0E /* GithubproTests */,
				FA87756E2CE49C7000C2ED0E /* GithubproUITests */,
			);
		};
/* End PBXProject section */

/* Begin PBXResourcesBuildPhase section */
		FA8775532CE49C6F00C2ED0E /* Resources */ = {
			isa = PBXResourcesBuildPhase;
			buildActionMask = 2147483647;
			files = (
				FA8775602CE49C7000C2ED0E /* Preview Assets.xcassets in Resources */,
				FA87755D2CE49C7000C2ED0E /* Assets.xcassets in Resources */,
			);
			runOnlyForDeploymentPostprocessing = 0;
		};
		FA8775632CE49C7000C2ED0E /* Resources */ = {
			isa = PBXResourcesBuildPhase;
			buildActionMask = 2147483647;
			files = (
			);
			runOnlyForDeploymentPostprocessing = 0;
		};
		FA87756D2CE49C7000C2ED0E /* Resources */ = {
			isa = PBXResourcesBuildPhase;
			buildActionMask = 2147483647;
			files = (
			);
			runOnlyForDeploymentPostprocessing = 0;
		};
/* End PBXResourcesBuildPhase section */

/* Begin PBXSourcesBuildPhase section */
		FA8775512CE49C6F00C2ED0E /* Sources */ = {
			isa = PBXSourcesBuildPhase;
			buildActionMask = 2147483647;
			files = (
				FA87755B2CE49C6F00C2ED0E /* ContentView.swift in Sources */,
				FA8775592CE49C6F00C2ED0E /* GithubproApp.swift in Sources */,
			);
			runOnlyForDeploymentPostprocessing = 0;
		};
		FA8775612CE49C7000C2ED0E /* Sources */ = {
			isa = PBXSourcesBuildPhase;
			buildActionMask = 2147483647;
			files = (
				FA87756A2CE49C7000C2ED0E /* GithubproTests.swift in Sources */,
			);
			runOnlyForDeploymentPostprocessing = 0;
		};
		FA87756B2CE49C7000C2ED0E /* Sources */ = {
			isa = PBXSourcesBuildPhase;
			buildActionMask = 2147483647;
			files = (
				FA8775742CE49C7000C2ED0E /* GithubproUITests.swift in Sources */,
				FA8775762CE49C7000C2ED0E /* GithubproUITestsLaunchTests.swift in Sources */,
			);
			runOnlyForDeploymentPostprocessing = 0;
		};
/* End PBXSourcesBuildPhase section */

/* Begin PBXTargetDependency section */
		FA8775672CE49C7000C2ED0E /* PBXTargetDependency */ = {
			isa = PBXTargetDependency;
			target = FA8775542CE49C6F00C2ED0E /* Githubpro */;
			targetProxy = FA8775662CE49C7000C2ED0E /* PBXContainerItemProxy */;
		};
		FA8775712CE49C7000C2ED0E /* PBXTargetDependency */ = {
			isa = PBXTargetDependency;
			target = FA8775542CE49C6F00C2ED0E /* Githubpro */;
			targetProxy = FA8775702CE49C7000C2ED0E /* PBXContainerItemProxy */;
		};
/* End PBXTargetDependency section */

/* Begin XCBuildConfiguration section */
		FA8775772CE49C7000C2ED0E /* Debug */ = {
			isa = XCBuildConfiguration;
			buildSettings = {
				ALWAYS_SEARCH_USER_PATHS = NO;
				ASSETCATALOG_COMPILER_GENERATE_SWIFT_ASSET_SYMBOL_EXTENSIONS = YES;
				CLANG_ANALYZER_NONNULL = YES;
				CLANG_ANALYZER_NUMBER_OBJECT_CONVERSION = YES_AGGRESSIVE;
				CLANG_CXX_LANGUAGE_STANDARD = "gnu++20";
				CLANG_ENABLE_MODULES = YES;
				CLANG_ENABLE_OBJC_ARC = YES;
				CLANG_ENABLE_OBJC_WEAK = YES;
				CLANG_WARN_BLOCK_CAPTURE_AUTORELEASING = YES;
				CLANG_WARN_BOOL_CONVERSION = YES;
				CLANG_WARN_COMMA = YES;
				CLANG_WARN_CONSTANT_CONVERSION = YES;
				CLANG_WARN_DEPRECATED_OBJC_IMPLEMENTATIONS = YES;
				CLANG_WARN_DIRECT_OBJC_ISA_USAGE = YES_ERROR;
				CLANG_WARN_DOCUMENTATION_COMMENTS = YES;
				CLANG_WARN_EMPTY_BODY = YES;
				CLANG_WARN_ENUM_CONVERSION = YES;
				CLANG_WARN_INFINITE_RECURSION = YES;
				CLANG_WARN_INT_CONVERSION = YES;
				CLANG_WARN_NON_LITERAL_NULL_CONVERSION = YES;
				CLANG_WARN_OBJC_IMPLICIT_RETAIN_SELF = YES;
				CLANG_WARN_OBJC_LITERAL_CONVERSION = YES;
				CLANG_WARN_OBJC_ROOT_CLASS = YES_ERROR;
				CLANG_WARN_QUOTED_INCLUDE_IN_FRAMEWORK_HEADER = YES;
				CLANG_WARN_RANGE_LOOP_ANALYSIS = YES;
				CLANG_WARN_STRICT_PROTOTYPES = YES;
				CLANG_WARN_SUSPICIOUS_MOVE = YES;
				CLANG_WARN_UNGUARDED_AVAILABILITY = YES_AGGRESSIVE;
				CLANG_WARN_UNREACHABLE_CODE = YES;
				CLANG_WARN__DUPLICATE_METHOD_MATCH = YES;
				COPY_PHASE_STRIP = NO;
				DEBUG_INFORMATION_FORMAT = dwarf;
				ENABLE_STRICT_OBJC_MSGSEND = YES;
				ENABLE_TESTABILITY = YES;
				ENABLE_USER_SCRIPT_SANDBOXING = YES;
				GCC_C_LANGUAGE_STANDARD = gnu17;
				GCC_DYNAMIC_NO_PIC = NO;
				GCC_NO_COMMON_BLOCKS = YES;
				GCC_OPTIMIZATION_LEVEL = 0;
				GCC_PREPROCESSOR_DEFINITIONS = (
					"DEBUG=1",
					"$(inherited)",
				);
				GCC_WARN_64_TO_32_BIT_CONVERSION = YES;
				GCC_WARN_ABOUT_RETURN_TYPE = YES_ERROR;
				GCC_WARN_UNDECLARED_SELECTOR = YES;
				GCC_WARN_UNINITIALIZED_AUTOS = YES_AGGRESSIVE;
				GCC_WARN_UNUSED_FUNCTION = YES;
				GCC_WARN_UNUSED_VARIABLE = YES;
				IPHONEOS_DEPLOYMENT_TARGET = 17.5;
				LOCALIZATION_PREFERS_STRING_CATALOGS = YES;
				MTL_ENABLE_DEBUG_INFO = INCLUDE_SOURCE;
				MTL_FAST_MATH = YES;
				ONLY_ACTIVE_ARCH = YES;
				SDKROOT = iphoneos;
				SWIFT_ACTIVE_COMPILATION_CONDITIONS = "DEBUG $(inherited)";
				SWIFT_OPTIMIZATION_LEVEL = "-Onone";
			};
			name = Debug;
		};
		FA8775782CE49C7000C2ED0E /* Release */ = {
			isa = XCBuildConfiguration;
			buildSettings = {
				ALWAYS_SEARCH_USER_PATHS = NO;
				ASSETCATALOG_COMPILER_GENERATE_SWIFT_ASSET_SYMBOL_EXTENSIONS = YES;
				CLANG_ANALYZER_NONNULL = YES;
				CLANG_ANALYZER_NUMBER_OBJECT_CONVERSION = YES_AGGRESSIVE;
				CLANG_CXX_LANGUAGE_STANDARD = "gnu++20";
				CLANG_ENABLE_MODULES = YES;
				CLANG_ENABLE_OBJC_ARC = YES;
				CLANG_ENABLE_OBJC_WEAK = YES;
				CLANG_WARN_BLOCK_CAPTURE_AUTORELEASING = YES;
				CLANG_WARN_BOOL_CONVERSION = YES;
				CLANG_WARN_COMMA = YES;
				CLANG_WARN_CONSTANT_CONVERSION = YES;
				CLANG_WARN_DEPRECATED_OBJC_IMPLEMENTATIONS = YES;
				CLANG_WARN_DIRECT_OBJC_ISA_USAGE = YES_ERROR;
				CLANG_WARN_DOCUMENTATION_COMMENTS = YES;
				CLANG_WARN_EMPTY_BODY = YES;
				CLANG_WARN_ENUM_CONVERSION = YES;
				CLANG_WARN_INFINITE_RECURSION = YES;
				CLANG_WARN_INT_CONVERSION = YES;
				CLANG_WARN_NON_LITERAL_NULL_CONVERSION = YES;
				CLANG_WARN_OBJC_IMPLICIT_RETAIN_SELF = YES;
				CLANG_WARN_OBJC_LITERAL_CONVERSION = YES;
				CLANG_WARN_OBJC_ROOT_CLASS = YES_ERROR;
				CLANG_WARN_QUOTED_INCLUDE_IN_FRAMEWORK_HEADER = YES;
				CLANG_WARN_RANGE_LOOP_ANALYSIS = YES;
				CLANG_WARN_STRICT_PROTOTYPES = YES;
				CLANG_WARN_SUSPICIOUS_MOVE = YES;
				CLANG_WARN_UNGUARDED_AVAILABILITY = YES_AGGRESSIVE;
				CLANG_WARN_UNREACHABLE_CODE = YES;
				CLANG_WARN__DUPLICATE_METHOD_MATCH = YES;
				COPY_PHASE_STRIP = NO;
				DEBUG_INFORMATION_FORMAT = "dwarf-with-dsym";
				ENABLE_NS_ASSERTIONS = NO;
				ENABLE_STRICT_OBJC_MSGSEND = YES;
				ENABLE_USER_SCRIPT_SANDBOXING = YES;
				GCC_C_LANGUAGE_STANDARD = gnu17;
				GCC_NO_COMMON_BLOCKS = YES;
				GCC_WARN_64_TO_32_BIT_CONVERSION = YES;
				GCC_WARN_ABOUT_RETURN_TYPE = YES_ERROR;
				GCC_WARN_UNDECLARED_SELECTOR = YES;
				GCC_WARN_UNINITIALIZED_AUTOS = YES_AGGRESSIVE;
				GCC_WARN_UNUSED_FUNCTION = YES;
				GCC_WARN_UNUSED_VARIABLE = YES;
				IPHONEOS_DEPLOYMENT_TARGET = 17.5;
				LOCALIZATION_PREFERS_STRING_CATALOGS = YES;
				MTL_ENABLE_DEBUG_INFO = NO;
				MTL_FAST_MATH = YES;
				SDKROOT = iphoneos;
				SWIFT_COMPILATION_MODE = wholemodule;
				VALIDATE_PRODUCT = YES;
			};
			name = Release;
		};
		FA87757A2CE49C7000C2ED0E /* Debug */ = {
			isa = XCBuildConfiguration;
			buildSettings = {
				ASSETCATALOG_COMPILER_APPICON_NAME = AppIcon;
				ASSETCATALOG_COMPILER_GLOBAL_ACCENT_COLOR_NAME = AccentColor;
				CODE_SIGN_STYLE = Automatic;
				CURRENT_PROJECT_VERSION = 1;
				DEVELOPMENT_ASSET_PATHS = "\"Githubpro/Preview Content\"";
				ENABLE_PREVIEWS = YES;
				GENERATE_INFOPLIST_FILE = YES;
				INFOPLIST_KEY_UIApplicationSceneManifest_Generation = YES;
				INFOPLIST_KEY_UIApplicationSupportsIndirectInputEvents = YES;
				INFOPLIST_KEY_UILaunchScreen_Generation = YES;
				INFOPLIST_KEY_UISupportedInterfaceOrientations_iPad = "UIInterfaceOrientationPortrait UIInterfaceOrientationPortraitUpsideDown UIInterfaceOrientationLandscapeLeft UIInterfaceOrientationLandscapeRight";
				INFOPLIST_KEY_UISupportedInterfaceOrientations_iPhone = "UIInterfaceOrientationPortrait UIInterfaceOrientationLandscapeLeft UIInterfaceOrientationLandscapeRight";
				LD_RUNPATH_SEARCH_PATHS = (
					"$(inherited)",
					"@executable_path/Frameworks",
				);
				MARKETING_VERSION = 1.0;
				PRODUCT_BUNDLE_IDENTIFIER = a.Githubpro;
				PRODUCT_NAME = "$(TARGET_NAME)";
				SWIFT_EMIT_LOC_STRINGS = YES;
				SWIFT_VERSION = 5.0;
				TARGETED_DEVICE_FAMILY = "1,2";
			};
			name = Debug;
		};
		FA87757B2CE49C7000C2ED0E /* Release */ = {
			isa = XCBuildConfiguration;
			buildSettings = {
				ASSETCATALOG_COMPILER_APPICON_NAME = AppIcon;
				ASSETCATALOG_COMPILER_GLOBAL_ACCENT_COLOR_NAME = AccentColor;
				CODE_SIGN_STYLE = Automatic;
				CURRENT_PROJECT_VERSION = 1;
				DEVELOPMENT_ASSET_PATHS = "\"Githubpro/Preview Content\"";
				ENABLE_PREVIEWS = YES;
				GENERATE_INFOPLIST_FILE = YES;
				INFOPLIST_KEY_UIApplicationSceneManifest_Generation = YES;
				INFOPLIST_KEY_UIApplicationSupportsIndirectInputEvents = YES;
				INFOPLIST_KEY_UILaunchScreen_Generation = YES;
				INFOPLIST_KEY_UISupportedInterfaceOrientations_iPad = "UIInterfaceOrientationPortrait UIInterfaceOrientationPortraitUpsideDown UIInterfaceOrientationLandscapeLeft UIInterfaceOrientationLandscapeRight";
				INFOPLIST_KEY_UISupportedInterfaceOrientations_iPhone = "UIInterfaceOrientationPortrait UIInterfaceOrientationLandscapeLeft UIInterfaceOrientationLandscapeRight";
				LD_RUNPATH_SEARCH_PATHS = (
					"$(inherited)",
					"@executable_path/Frameworks",
				);
				MARKETING_VERSION = 1.0;
				PRODUCT_BUNDLE_IDENTIFIER = a.Githubpro;
				PRODUCT_NAME = "$(TARGET_NAME)";
				SWIFT_EMIT_LOC_STRINGS = YES;
				SWIFT_VERSION = 5.0;
				TARGETED_DEVICE_FAMILY = "1,2";
			};
			name = Release;
		};
		FA87757D2CE49C7000C2ED0E /* Debug */ = {
			isa = XCBuildConfiguration;
			buildSettings = {
				ALWAYS_EMBED_SWIFT_STANDARD_LIBRARIES = YES;
				BUNDLE_LOADER = "$(TEST_HOST)";
				CODE_SIGN_STYLE = Automatic;
				CURRENT_PROJECT_VERSION = 1;
				GENERATE_INFOPLIST_FILE = YES;
				IPHONEOS_DEPLOYMENT_TARGET = 17.5;
				MARKETING_VERSION = 1.0;
				PRODUCT_BUNDLE_IDENTIFIER = a.GithubproTests;
				PRODUCT_NAME = "$(TARGET_NAME)";
				SWIFT_EMIT_LOC_STRINGS = NO;
				SWIFT_VERSION = 5.0;
				TARGETED_DEVICE_FAMILY = "1,2";
				TEST_HOST = "$(BUILT_PRODUCTS_DIR)/Githubpro.app/$(BUNDLE_EXECUTABLE_FOLDER_PATH)/Githubpro";
			};
			name = Debug;
		};
		FA87757E2CE49C7000C2ED0E /* Release */ = {
			isa = XCBuildConfiguration;
			buildSettings = {
				ALWAYS_EMBED_SWIFT_STANDARD_LIBRARIES = YES;
				BUNDLE_LOADER = "$(TEST_HOST)";
				CODE_SIGN_STYLE = Automatic;
				CURRENT_PROJECT_VERSION = 1;
				GENERATE_INFOPLIST_FILE = YES;
				IPHONEOS_DEPLOYMENT_TARGET = 17.5;
				MARKETING_VERSION = 1.0;
				PRODUCT_BUNDLE_IDENTIFIER = a.GithubproTests;
				PRODUCT_NAME = "$(TARGET_NAME)";
				SWIFT_EMIT_LOC_STRINGS = NO;
				SWIFT_VERSION = 5.0;
				TARGETED_DEVICE_FAMILY = "1,2";
				TEST_HOST = "$(BUILT_PRODUCTS_DIR)/Githubpro.app/$(BUNDLE_EXECUTABLE_FOLDER_PATH)/Githubpro";
			};
			name = Release;
		};
		FA8775802CE49C7000C2ED0E /* Debug */ = {
			isa = XCBuildConfiguration;
			buildSettings = {
				ALWAYS_EMBED_SWIFT_STANDARD_LIBRARIES = YES;
				CODE_SIGN_STYLE = Automatic;
				CURRENT_PROJECT_VERSION = 1;
				GENERATE_INFOPLIST_FILE = YES;
				MARKETING_VERSION = 1.0;
				PRODUCT_BUNDLE_IDENTIFIER = a.GithubproUITests;
				PRODUCT_NAME = "$(TARGET_NAME)";
				SWIFT_EMIT_LOC_STRINGS = NO;
				SWIFT_VERSION = 5.0;
				TARGETED_DEVICE_FAMILY = "1,2";
				TEST_TARGET_NAME = Githubpro;
			};
			name = Debug;
		};
		FA8775812CE49C7000C2ED0E /* Release */ = {
			isa = XCBuildConfiguration;
			buildSettings = {
				ALWAYS_EMBED_SWIFT_STANDARD_LIBRARIES = YES;
				CODE_SIGN_STYLE = Automatic;
				CURRENT_PROJECT_VERSION = 1;
				GENERATE_INFOPLIST_FILE = YES;
				MARKETING_VERSION = 1.0;
				PRODUCT_BUNDLE_IDENTIFIER = a.GithubproUITests;
				PRODUCT_NAME = "$(TARGET_NAME)";
				SWIFT_EMIT_LOC_STRINGS = NO;
				SWIFT_VERSION = 5.0;
				TARGETED_DEVICE_FAMILY = "1,2";
				TEST_TARGET_NAME = Githubpro;
			};
			name = Release;
		};
/* End XCBuildConfiguration section */

/* Begin XCConfigurationList section */
		FA8775502CE49C6F00C2ED0E /* Build configuration list for PBXProject "Githubpro" */ = {
			isa = XCConfigurationList;
			buildConfigurations = (
				FA8775772CE49C7000C2ED0E /* Debug */,
				FA8775782CE49C7000C2ED0E /* Release */,
			);
			defaultConfigurationIsVisible = 0;
			defaultConfigurationName = Release;
		};
		FA8775792CE49C7000C2ED0E /* Build configuration list for PBXNativeTarget "Githubpro" */ = {
			isa = XCConfigurationList;
			buildConfigurations = (
				FA87757A2CE49C7000C2ED0E /* Debug */,
				FA87757B2CE49C7000C2ED0E /* Release */,
			);
			defaultConfigurationIsVisible = 0;
			defaultConfigurationName = Release;
		};
		FA87757C2CE49C7000C2ED0E /* Build configuration list for PBXNativeTarget "GithubproTests" */ = {
			isa = XCConfigurationList;
			buildConfigurations = (
				FA87757D2CE49C7000C2ED0E /* Debug */,
				FA87757E2CE49C7000C2ED0E /* Release */,
			);
			defaultConfigurationIsVisible = 0;
			defaultConfigurationName = Release;
		};
		FA87757F2CE49C7000C2ED0E /* Build configuration list for PBXNativeTarget "GithubproUITests" */ = {
			isa = XCConfigurationList;
			buildConfigurations = (
				FA8775802CE49C7000C2ED0E /* Debug */,
				FA8775812CE49C7000C2ED0E /* Release */,
			);
			defaultConfigurationIsVisible = 0;
			defaultConfigurationName = Release;
		};
/* End XCConfigurationList section */
	};
	rootObject = FA87754D2CE49C6F00C2ED0E /* Project object */;
}
